
Microsoft Visual Studio Solution File, Format Version 12.00
# Visual Studio Version 17
VisualStudioVersion = 17.5.33530.505
MinimumVisualStudioVersion = 10.0.40219.1
Project("{9A19103F-16F7-4668-BE54-9A1E7A4F7556}") = "TheStockedKitchen.Web", "TheStockedKitchen.Web\TheStockedKitchen.Web.csproj", "{99AA8A43-E765-459C-8171-8F3142B94F43}"
EndProject
Project("{9A19103F-16F7-4668-BE54-9A1E7A4F7556}") = "TheStockedKitchen.Client", "TheStockedKitchen.Client\TheStockedKitchen.Client.csproj", "{747C56F1-3B4E-46C8-9D4E-C8A2776CD650}"
EndProject
Global
	GlobalSection(SolutionConfigurationPlatforms) = preSolution
		Debug|Any CPU = Debug|Any CPU
		Release|Any CPU = Release|Any CPU
	EndGlobalSection
	GlobalSection(ProjectConfigurationPlatforms) = postSolution
		{99AA8A43-E765-459C-8171-8F3142B94F43}.Debug|Any CPU.ActiveCfg = Debug|Any CPU
		{99AA8A43-E765-459C-8171-8F3142B94F43}.Debug|Any CPU.Build.0 = Debug|Any CPU
		{99AA8A43-E765-459C-8171-8F3142B94F43}.Release|Any CPU.ActiveCfg = Release|Any CPU
		{99AA8A43-E765-459C-8171-8F3142B94F43}.Release|Any CPU.Build.0 = Release|Any CPU
		{747C56F1-3B4E-46C8-9D4E-C8A2776CD650}.Debug|Any CPU.ActiveCfg = Debug|Any CPU
		{747C56F1-3B4E-46C8-9D4E-C8A2776CD650}.Debug|Any CPU.Build.0 = Debug|Any CPU
		{747C56F1-3B4E-46C8-9D4E-C8A2776CD650}.Release|Any CPU.ActiveCfg = Release|Any CPU
		{747C56F1-3B4E-46C8-9D4E-C8A2776CD650}.Release|Any CPU.Build.0 = Release|Any CPU
	EndGlobalSection
	GlobalSection(SolutionProperties) = preSolution
		HideSolutionNode = FALSE
	EndGlobalSection
	GlobalSection(ExtensibilityGlobals) = postSolution
		SolutionGuid = {518B5712-EA90-4631-BD89-744F0951462F}
	EndGlobalSection
EndGlobal
